
Microsoft Visual Studio Solution File, Format Version 12.00
# Visual Studio Version 16
VisualStudioVersion = 16.0.31005.135
MinimumVisualStudioVersion = 10.0.40219.1
Project("{FAE04EC0-301F-11D3-BF4B-00C04F79EFBC}") = "ToursApp", "ToursApp\ToursApp.csproj", "{8A0346D0-4AF0-4BFC-A44C-960CA71D0EA6}"
EndProject
Global
	GlobalSection(SolutionConfigurationPlatforms) = preSolution
		Debug|Any CPU = Debug|Any CPU
		Release|Any CPU = Release|Any CPU
	EndGlobalSection
	GlobalSection(ProjectConfigurationPlatforms) = postSolution
		{8A0346D0-4AF0-4BFC-A44C-960CA71D0EA6}.Debug|Any CPU.ActiveCfg = Debug|Any CPU
		{8A0346D0-4AF0-4BFC-A44C-960CA71D0EA6}.Debug|Any CPU.Build.0 = Debug|Any CPU
		{8A0346D0-4AF0-4BFC-A44C-960CA71D0EA6}.Release|Any CPU.ActiveCfg = Release|Any CPU
		{8A0346D0-4AF0-4BFC-A44C-960CA71D0EA6}.Release|Any CPU.Build.0 = Release|Any CPU
	EndGlobalSection
	GlobalSection(SolutionProperties) = preSolution
		HideSolutionNode = FALSE
	EndGlobalSection
	GlobalSection(ExtensibilityGlobals) = postSolution
		SolutionGuid = {04FA6F1A-B8F2-4802-B030-887D30206D85}
	EndGlobalSection
EndGlobal
